// !$*UTF8*$!
{
	archiveVersion = 1;
	classes = {
	};
	objectVersion = 55;
	objects = {

/* Begin PBXBuildFile section */
		C25852612C6F875E00B0521C /* JCanyonApp.swift in Sources */ = {isa = PBXBuildFile; fileRef = C25852602C6F875E00B0521C /* JCanyonApp.swift */; };
		C25852632C6F875E00B0521C /* HomeView.swift in Sources */ = {isa = PBXBuildFile; fileRef = C25852622C6F875E00B0521C /* HomeView.swift */; };
		C25852652C6F876300B0521C /* Assets.xcassets in Resources */ = {isa = PBXBuildFile; fileRef = C25852642C6F876300B0521C /* Assets.xcassets */; };
		C25852682C6F876300B0521C /* Preview Assets.xcassets in Resources */ = {isa = PBXBuildFile; fileRef = C25852672C6F876300B0521C /* Preview Assets.xcassets */; };
		C25852722C6F876300B0521C /* JCanyonTests.swift in Sources */ = {isa = PBXBuildFile; fileRef = C25852712C6F876300B0521C /* JCanyonTests.swift */; };
		C2C863E82C73518B002B33FB /* JUI in Frameworks */ = {isa = PBXBuildFile; productRef = C2C863E72C73518B002B33FB /* JUI */; };
		C2C863EA2C73518F002B33FB /* JFoundation in Frameworks */ = {isa = PBXBuildFile; productRef = C2C863E92C73518F002B33FB /* JFoundation */; };
		C2C863EC2C736939002B33FB /* HomeViewModel.swift in Sources */ = {isa = PBXBuildFile; fileRef = C2C863EB2C736939002B33FB /* HomeViewModel.swift */; };
/* End PBXBuildFile section */

/* Begin PBXContainerItemProxy section */
		C258526E2C6F876300B0521C /* PBXContainerItemProxy */ = {
			isa = PBXContainerItemProxy;
			containerPortal = C25852552C6F875D00B0521C /* Project object */;
			proxyType = 1;
			remoteGlobalIDString = C258525C2C6F875E00B0521C;
			remoteInfo = JCanyon;
		};
		C25852782C6F876300B0521C /* PBXContainerItemProxy */ = {
			isa = PBXContainerItemProxy;
			containerPortal = C25852552C6F875D00B0521C /* Project object */;
			proxyType = 1;
			remoteGlobalIDString = C258525C2C6F875E00B0521C;
			remoteInfo = JCanyon;
		};
/* End PBXContainerItemProxy section */

/* Begin PBXFileReference section */
		C258525D2C6F875E00B0521C /* JCanyon.app */ = {isa = PBXFileReference; explicitFileType = wrapper.application; includeInIndex = 0; path = JCanyon.app; sourceTree = BUILT_PRODUCTS_DIR; };
		C25852602C6F875E00B0521C /* JCanyonApp.swift */ = {isa = PBXFileReference; lastKnownFileType = sourcecode.swift; path = JCanyonApp.swift; sourceTree = "<group>"; };
		C25852622C6F875E00B0521C /* HomeView.swift */ = {isa = PBXFileReference; lastKnownFileType = sourcecode.swift; path = HomeView.swift; sourceTree = "<group>"; };
		C25852642C6F876300B0521C /* Assets.xcassets */ = {isa = PBXFileReference; lastKnownFileType = folder.assetcatalog; path = Assets.xcassets; sourceTree = "<group>"; };
		C25852672C6F876300B0521C /* Preview Assets.xcassets */ = {isa = PBXFileReference; lastKnownFileType = folder.assetcatalog; path = "Preview Assets.xcassets"; sourceTree = "<group>"; };
		C258526D2C6F876300B0521C /* JCanyonTests.xctest */ = {isa = PBXFileReference; explicitFileType = wrapper.cfbundle; includeInIndex = 0; path = JCanyonTests.xctest; sourceTree = BUILT_PRODUCTS_DIR; };
		C25852712C6F876300B0521C /* JCanyonTests.swift */ = {isa = PBXFileReference; lastKnownFileType = sourcecode.swift; path = JCanyonTests.swift; sourceTree = "<group>"; };
		C25852772C6F876300B0521C /* JCanyonUITests.xctest */ = {isa = PBXFileReference; explicitFileType = wrapper.cfbundle; includeInIndex = 0; path = JCanyonUITests.xctest; sourceTree = BUILT_PRODUCTS_DIR; };
		C2C863E32C6F89B8002B33FB /* JFoundation */ = {isa = PBXFileReference; lastKnownFileType = wrapper; path = JFoundation; sourceTree = "<group>"; };
		C2C863E52C734BE9002B33FB /* JUI */ = {isa = PBXFileReference; lastKnownFileType = wrapper; path = JUI; sourceTree = "<group>"; };
		C2C863EB2C736939002B33FB /* HomeViewModel.swift */ = {isa = PBXFileReference; lastKnownFileType = sourcecode.swift; path = HomeViewModel.swift; sourceTree = "<group>"; };
/* End PBXFileReference section */

/* Begin PBXFrameworksBuildPhase section */
		C258525A2C6F875E00B0521C /* Frameworks */ = {
			isa = PBXFrameworksBuildPhase;
			buildActionMask = 2147483647;
			files = (
				C2C863EA2C73518F002B33FB /* JFoundation in Frameworks */,
				C2C863E82C73518B002B33FB /* JUI in Frameworks */,
			);
			runOnlyForDeploymentPostprocessing = 0;
		};
		C258526A2C6F876300B0521C /* Frameworks */ = {
			isa = PBXFrameworksBuildPhase;
			buildActionMask = 2147483647;
			files = (
			);
			runOnlyForDeploymentPostprocessing = 0;
		};
		C25852742C6F876300B0521C /* Frameworks */ = {
			isa = PBXFrameworksBuildPhase;
			buildActionMask = 2147483647;
			files = (
			);
			runOnlyForDeploymentPostprocessing = 0;
		};
/* End PBXFrameworksBuildPhase section */

/* Begin PBXGroup section */
		C25852542C6F875D00B0521C = {
			isa = PBXGroup;
			children = (
				C2C863E22C6F89B8002B33FB /* Packages */,
				C258525F2C6F875E00B0521C /* JCanyon */,
				C25852702C6F876300B0521C /* JCanyonTests */,
				C258525E2C6F875E00B0521C /* Products */,
				C2C863E62C73518B002B33FB /* Frameworks */,
			);
			sourceTree = "<group>";
		};
		C258525E2C6F875E00B0521C /* Products */ = {
			isa = PBXGroup;
			children = (
				C258525D2C6F875E00B0521C /* JCanyon.app */,
				C258526D2C6F876300B0521C /* JCanyonTests.xctest */,
				C25852772C6F876300B0521C /* JCanyonUITests.xctest */,
			);
			name = Products;
			sourceTree = "<group>";
		};
		C258525F2C6F875E00B0521C /* JCanyon */ = {
			isa = PBXGroup;
			children = (
				C2C863E42C734BBB002B33FB /* Home */,
				C25852602C6F875E00B0521C /* JCanyonApp.swift */,
				C25852642C6F876300B0521C /* Assets.xcassets */,
				C25852662C6F876300B0521C /* Preview Content */,
			);
			path = JCanyon;
			sourceTree = "<group>";
		};
		C25852662C6F876300B0521C /* Preview Content */ = {
			isa = PBXGroup;
			children = (
				C25852672C6F876300B0521C /* Preview Assets.xcassets */,
			);
			path = "Preview Content";
			sourceTree = "<group>";
		};
		C25852702C6F876300B0521C /* JCanyonTests */ = {
			isa = PBXGroup;
			children = (
				C25852712C6F876300B0521C /* JCanyonTests.swift */,
			);
			path = JCanyonTests;
			sourceTree = "<group>";
		};
		C2C863E22C6F89B8002B33FB /* Packages */ = {
			isa = PBXGroup;
			children = (
				C2C863E32C6F89B8002B33FB /* JFoundation */,
				C2C863E52C734BE9002B33FB /* JUI */,
			);
			name = Packages;
			sourceTree = "<group>";
		};
		C2C863E42C734BBB002B33FB /* Home */ = {
			isa = PBXGroup;
			children = (
				C25852622C6F875E00B0521C /* HomeView.swift */,
				C2C863EB2C736939002B33FB /* HomeViewModel.swift */,
			);
			path = Home;
			sourceTree = "<group>";
		};
		C2C863E62C73518B002B33FB /* Frameworks */ = {
			isa = PBXGroup;
			children = (
			);
			name = Frameworks;
			sourceTree = "<group>";
		};
/* End PBXGroup section */

/* Begin PBXNativeTarget section */
		C258525C2C6F875E00B0521C /* JCanyon */ = {
			isa = PBXNativeTarget;
			buildConfigurationList = C25852812C6F876300B0521C /* Build configuration list for PBXNativeTarget "JCanyon" */;
			buildPhases = (
				C25852592C6F875E00B0521C /* Sources */,
				C258525A2C6F875E00B0521C /* Frameworks */,
				C258525B2C6F875E00B0521C /* Resources */,
			);
			buildRules = (
			);
			dependencies = (
			);
			name = JCanyon;
			packageProductDependencies = (
				C2C863E72C73518B002B33FB /* JUI */,
				C2C863E92C73518F002B33FB /* JFoundation */,
			);
			productName = JCanyon;
			productReference = C258525D2C6F875E00B0521C /* JCanyon.app */;
			productType = "com.apple.product-type.application";
		};
		C258526C2C6F876300B0521C /* JCanyonTests */ = {
			isa = PBXNativeTarget;
			buildConfigurationList = C25852842C6F876300B0521C /* Build configuration list for PBXNativeTarget "JCanyonTests" */;
			buildPhases = (
				C25852692C6F876300B0521C /* Sources */,
				C258526A2C6F876300B0521C /* Frameworks */,
				C258526B2C6F876300B0521C /* Resources */,
			);
			buildRules = (
			);
			dependencies = (
				C258526F2C6F876300B0521C /* PBXTargetDependency */,
			);
			name = JCanyonTests;
			productName = JCanyonTests;
			productReference = C258526D2C6F876300B0521C /* JCanyonTests.xctest */;
			productType = "com.apple.product-type.bundle.unit-test";
		};
		C25852762C6F876300B0521C /* JCanyonUITests */ = {
			isa = PBXNativeTarget;
			buildConfigurationList = C25852872C6F876300B0521C /* Build configuration list for PBXNativeTarget "JCanyonUITests" */;
			buildPhases = (
				C25852732C6F876300B0521C /* Sources */,
				C25852742C6F876300B0521C /* Frameworks */,
				C25852752C6F876300B0521C /* Resources */,
			);
			buildRules = (
			);
			dependencies = (
				C25852792C6F876300B0521C /* PBXTargetDependency */,
			);
			name = JCanyonUITests;
			productName = JCanyonUITests;
			productReference = C25852772C6F876300B0521C /* JCanyonUITests.xctest */;
			productType = "com.apple.product-type.bundle.ui-testing";
		};
/* End PBXNativeTarget section */

/* Begin PBXProject section */
		C25852552C6F875D00B0521C /* Project object */ = {
			isa = PBXProject;
			attributes = {
				BuildIndependentTargetsInParallel = 1;
				LastSwiftUpdateCheck = 1340;
				LastUpgradeCheck = 1340;
				TargetAttributes = {
					C258525C2C6F875E00B0521C = {
						CreatedOnToolsVersion = 13.4.1;
					};
					C258526C2C6F876300B0521C = {
						CreatedOnToolsVersion = 13.4.1;
						TestTargetID = C258525C2C6F875E00B0521C;
					};
					C25852762C6F876300B0521C = {
						CreatedOnToolsVersion = 13.4.1;
						TestTargetID = C258525C2C6F875E00B0521C;
					};
				};
			};
			buildConfigurationList = C25852582C6F875D00B0521C /* Build configuration list for PBXProject "JCanyon" */;
			compatibilityVersion = "Xcode 13.0";
			developmentRegion = en;
			hasScannedForEncodings = 0;
			knownRegions = (
				en,
				Base,
			);
			mainGroup = C25852542C6F875D00B0521C;
			productRefGroup = C258525E2C6F875E00B0521C /* Products */;
			projectDirPath = "";
			projectRoot = "";
			targets = (
				C258525C2C6F875E00B0521C /* JCanyon */,
				C258526C2C6F876300B0521C /* JCanyonTests */,
				C25852762C6F876300B0521C /* JCanyonUITests */,
			);
		};
/* End PBXProject section */

/* Begin PBXResourcesBuildPhase section */
		C258525B2C6F875E00B0521C /* Resources */ = {
			isa = PBXResourcesBuildPhase;
			buildActionMask = 2147483647;
			files = (
				C25852682C6F876300B0521C /* Preview Assets.xcassets in Resources */,
				C25852652C6F876300B0521C /* Assets.xcassets in Resources */,
			);
			runOnlyForDeploymentPostprocessing = 0;
		};
		C258526B2C6F876300B0521C /* Resources */ = {
			isa = PBXResourcesBuildPhase;
			buildActionMask = 2147483647;
			files = (
			);
			runOnlyForDeploymentPostprocessing = 0;
		};
		C25852752C6F876300B0521C /* Resources */ = {
			isa = PBXResourcesBuildPhase;
			buildActionMask = 2147483647;
			files = (
			);
			runOnlyForDeploymentPostprocessing = 0;
		};
/* End PBXResourcesBuildPhase section */

/* Begin PBXSourcesBuildPhase section */
		C25852592C6F875E00B0521C /* Sources */ = {
			isa = PBXSourcesBuildPhase;
			buildActionMask = 2147483647;
			files = (
				C25852632C6F875E00B0521C /* HomeView.swift in Sources */,
				C2C863EC2C736939002B33FB /* HomeViewModel.swift in Sources */,
				C25852612C6F875E00B0521C /* JCanyonApp.swift in Sources */,
			);
			runOnlyForDeploymentPostprocessing = 0;
		};
		C25852692C6F876300B0521C /* Sources */ = {
			isa = PBXSourcesBuildPhase;
			buildActionMask = 2147483647;
			files = (
				C25852722C6F876300B0521C /* JCanyonTests.swift in Sources */,
			);
			runOnlyForDeploymentPostprocessing = 0;
		};
		C25852732C6F876300B0521C /* Sources */ = {
			isa = PBXSourcesBuildPhase;
			buildActionMask = 2147483647;
			files = (
			);
			runOnlyForDeploymentPostprocessing = 0;
		};
/* End PBXSourcesBuildPhase section */

/* Begin PBXTargetDependency section */
		C258526F2C6F876300B0521C /* PBXTargetDependency */ = {
			isa = PBXTargetDependency;
			target = C258525C2C6F875E00B0521C /* JCanyon */;
			targetProxy = C258526E2C6F876300B0521C /* PBXContainerItemProxy */;
		};
		C25852792C6F876300B0521C /* PBXTargetDependency */ = {
			isa = PBXTargetDependency;
			target = C258525C2C6F875E00B0521C /* JCanyon */;
			targetProxy = C25852782C6F876300B0521C /* PBXContainerItemProxy */;
		};
/* End PBXTargetDependency section */

/* Begin XCBuildConfiguration section */
		C258527F2C6F876300B0521C /* Debug */ = {
			isa = XCBuildConfiguration;
			buildSettings = {
				ALWAYS_SEARCH_USER_PATHS = NO;
				CLANG_ANALYZER_NONNULL = YES;
				CLANG_ANALYZER_NUMBER_OBJECT_CONVERSION = YES_AGGRESSIVE;
				CLANG_CXX_LANGUAGE_STANDARD = "gnu++17";
				CLANG_ENABLE_MODULES = YES;
				CLANG_ENABLE_OBJC_ARC = YES;
				CLANG_ENABLE_OBJC_WEAK = YES;
				CLANG_WARN_BLOCK_CAPTURE_AUTORELEASING = YES;
				CLANG_WARN_BOOL_CONVERSION = YES;
				CLANG_WARN_COMMA = YES;
				CLANG_WARN_CONSTANT_CONVERSION = YES;
				CLANG_WARN_DEPRECATED_OBJC_IMPLEMENTATIONS = YES;
				CLANG_WARN_DIRECT_OBJC_ISA_USAGE = YES_ERROR;
				CLANG_WARN_DOCUMENTATION_COMMENTS = YES;
				CLANG_WARN_EMPTY_BODY = YES;
				CLANG_WARN_ENUM_CONVERSION = YES;
				CLANG_WARN_INFINITE_RECURSION = YES;
				CLANG_WARN_INT_CONVERSION = YES;
				CLANG_WARN_NON_LITERAL_NULL_CONVERSION = YES;
				CLANG_WARN_OBJC_IMPLICIT_RETAIN_SELF = YES;
				CLANG_WARN_OBJC_LITERAL_CONVERSION = YES;
				CLANG_WARN_OBJC_ROOT_CLASS = YES_ERROR;
				CLANG_WARN_QUOTED_INCLUDE_IN_FRAMEWORK_HEADER = YES;
				CLANG_WARN_RANGE_LOOP_ANALYSIS = YES;
				CLANG_WARN_STRICT_PROTOTYPES = YES;
				CLANG_WARN_SUSPICIOUS_MOVE = YES;
				CLANG_WARN_UNGUARDED_AVAILABILITY = YES_AGGRESSIVE;
				CLANG_WARN_UNREACHABLE_CODE = YES;
				CLANG_WARN__DUPLICATE_METHOD_MATCH = YES;
				COPY_PHASE_STRIP = NO;
				DEBUG_INFORMATION_FORMAT = dwarf;
				ENABLE_STRICT_OBJC_MSGSEND = YES;
				ENABLE_TESTABILITY = YES;
				GCC_C_LANGUAGE_STANDARD = gnu11;
				GCC_DYNAMIC_NO_PIC = NO;
				GCC_NO_COMMON_BLOCKS = YES;
				GCC_OPTIMIZATION_LEVEL = 0;
				GCC_PREPROCESSOR_DEFINITIONS = (
					"DEBUG=1",
					"$(inherited)",
				);
				GCC_WARN_64_TO_32_BIT_CONVERSION = YES;
				GCC_WARN_ABOUT_RETURN_TYPE = YES_ERROR;
				GCC_WARN_UNDECLARED_SELECTOR = YES;
				GCC_WARN_UNINITIALIZED_AUTOS = YES_AGGRESSIVE;
				GCC_WARN_UNUSED_FUNCTION = YES;
				GCC_WARN_UNUSED_VARIABLE = YES;
				IPHONEOS_DEPLOYMENT_TARGET = 15.5;
				MTL_ENABLE_DEBUG_INFO = INCLUDE_SOURCE;
				MTL_FAST_MATH = YES;
				ONLY_ACTIVE_ARCH = YES;
				SDKROOT = iphoneos;
				SWIFT_ACTIVE_COMPILATION_CONDITIONS = DEBUG;
				SWIFT_OPTIMIZATION_LEVEL = "-Onone";
			};
			name = Debug;
		};
		C25852802C6F876300B0521C /* Release */ = {
			isa = XCBuildConfiguration;
			buildSettings = {
				ALWAYS_SEARCH_USER_PATHS = NO;
				CLANG_ANALYZER_NONNULL = YES;
				CLANG_ANALYZER_NUMBER_OBJECT_CONVERSION = YES_AGGRESSIVE;
				CLANG_CXX_LANGUAGE_STANDARD = "gnu++17";
				CLANG_ENABLE_MODULES = YES;
				CLANG_ENABLE_OBJC_ARC = YES;
				CLANG_ENABLE_OBJC_WEAK = YES;
				CLANG_WARN_BLOCK_CAPTURE_AUTORELEASING = YES;
				CLANG_WARN_BOOL_CONVERSION = YES;
				CLANG_WARN_COMMA = YES;
				CLANG_WARN_CONSTANT_CONVERSION = YES;
				CLANG_WARN_DEPRECATED_OBJC_IMPLEMENTATIONS = YES;
				CLANG_WARN_DIRECT_OBJC_ISA_USAGE = YES_ERROR;
				CLANG_WARN_DOCUMENTATION_COMMENTS = YES;
				CLANG_WARN_EMPTY_BODY = YES;
				CLANG_WARN_ENUM_CONVERSION = YES;
				CLANG_WARN_INFINITE_RECURSION = YES;
				CLANG_WARN_INT_CONVERSION = YES;
				CLANG_WARN_NON_LITERAL_NULL_CONVERSION = YES;
				CLANG_WARN_OBJC_IMPLICIT_RETAIN_SELF = YES;
				CLANG_WARN_OBJC_LITERAL_CONVERSION = YES;
				CLANG_WARN_OBJC_ROOT_CLASS = YES_ERROR;
				CLANG_WARN_QUOTED_INCLUDE_IN_FRAMEWORK_HEADER = YES;
				CLANG_WARN_RANGE_LOOP_ANALYSIS = YES;
				CLANG_WARN_STRICT_PROTOTYPES = YES;
				CLANG_WARN_SUSPICIOUS_MOVE = YES;
				CLANG_WARN_UNGUARDED_AVAILABILITY = YES_AGGRESSIVE;
				CLANG_WARN_UNREACHABLE_CODE = YES;
				CLANG_WARN__DUPLICATE_METHOD_MATCH = YES;
				COPY_PHASE_STRIP = NO;
				DEBUG_INFORMATION_FORMAT = "dwarf-with-dsym";
				ENABLE_NS_ASSERTIONS = NO;
				ENABLE_STRICT_OBJC_MSGSEND = YES;
				GCC_C_LANGUAGE_STANDARD = gnu11;
				GCC_NO_COMMON_BLOCKS = YES;
				GCC_WARN_64_TO_32_BIT_CONVERSION = YES;
				GCC_WARN_ABOUT_RETURN_TYPE = YES_ERROR;
				GCC_WARN_UNDECLARED_SELECTOR = YES;
				GCC_WARN_UNINITIALIZED_AUTOS = YES_AGGRESSIVE;
				GCC_WARN_UNUSED_FUNCTION = YES;
				GCC_WARN_UNUSED_VARIABLE = YES;
				IPHONEOS_DEPLOYMENT_TARGET = 15.5;
				MTL_ENABLE_DEBUG_INFO = NO;
				MTL_FAST_MATH = YES;
				SDKROOT = iphoneos;
				SWIFT_COMPILATION_MODE = wholemodule;
				SWIFT_OPTIMIZATION_LEVEL = "-O";
				VALIDATE_PRODUCT = YES;
			};
			name = Release;
		};
		C25852822C6F876300B0521C /* Debug */ = {
			isa = XCBuildConfiguration;
			buildSettings = {
				ASSETCATALOG_COMPILER_APPICON_NAME = AppIcon;
				ASSETCATALOG_COMPILER_GLOBAL_ACCENT_COLOR_NAME = AccentColor;
				CODE_SIGN_STYLE = Automatic;
				CURRENT_PROJECT_VERSION = 1;
				DEVELOPMENT_ASSET_PATHS = "\"JCanyon/Preview Content\"";
				ENABLE_PREVIEWS = YES;
				GENERATE_INFOPLIST_FILE = YES;
				INFOPLIST_KEY_NSLocationWhenInUseUsageDescription = "I need the location";
				INFOPLIST_KEY_UIApplicationSceneManifest_Generation = YES;
				INFOPLIST_KEY_UIApplicationSupportsIndirectInputEvents = YES;
				INFOPLIST_KEY_UILaunchScreen_Generation = YES;
				INFOPLIST_KEY_UISupportedInterfaceOrientations_iPad = "UIInterfaceOrientationPortrait UIInterfaceOrientationPortraitUpsideDown UIInterfaceOrientationLandscapeLeft UIInterfaceOrientationLandscapeRight";
				INFOPLIST_KEY_UISupportedInterfaceOrientations_iPhone = "UIInterfaceOrientationPortrait UIInterfaceOrientationLandscapeLeft UIInterfaceOrientationLandscapeRight";
				LD_RUNPATH_SEARCH_PATHS = (
					"$(inherited)",
					"@executable_path/Frameworks",
				);
				MARKETING_VERSION = 1.0;
				PRODUCT_BUNDLE_IDENTIFIER = joao.JCanyon;
				PRODUCT_NAME = "$(TARGET_NAME)";
				SWIFT_EMIT_LOC_STRINGS = YES;
				SWIFT_VERSION = 5.0;
				TARGETED_DEVICE_FAMILY = "1,2";
			};
			name = Debug;
		};
		C25852832C6F876300B0521C /* Release */ = {
			isa = XCBuildConfiguration;
			buildSettings = {
				ASSETCATALOG_COMPILER_APPICON_NAME = AppIcon;
				ASSETCATALOG_COMPILER_GLOBAL_ACCENT_COLOR_NAME = AccentColor;
				CODE_SIGN_STYLE = Automatic;
				CURRENT_PROJECT_VERSION = 1;
				DEVELOPMENT_ASSET_PATHS = "\"JCanyon/Preview Content\"";
				ENABLE_PREVIEWS = YES;
				GENERATE_INFOPLIST_FILE = YES;
				INFOPLIST_KEY_NSLocationWhenInUseUsageDescription = "I need the location";
				INFOPLIST_KEY_UIApplicationSceneManifest_Generation = YES;
				INFOPLIST_KEY_UIApplicationSupportsIndirectInputEvents = YES;
				INFOPLIST_KEY_UILaunchScreen_Generation = YES;
				INFOPLIST_KEY_UISupportedInterfaceOrientations_iPad = "UIInterfaceOrientationPortrait UIInterfaceOrientationPortraitUpsideDown UIInterfaceOrientationLandscapeLeft UIInterfaceOrientationLandscapeRight";
				INFOPLIST_KEY_UISupportedInterfaceOrientations_iPhone = "UIInterfaceOrientationPortrait UIInterfaceOrientationLandscapeLeft UIInterfaceOrientationLandscapeRight";
				LD_RUNPATH_SEARCH_PATHS = (
					"$(inherited)",
					"@executable_path/Frameworks",
				);
				MARKETING_VERSION = 1.0;
				PRODUCT_BUNDLE_IDENTIFIER = joao.JCanyon;
				PRODUCT_NAME = "$(TARGET_NAME)";
				SWIFT_EMIT_LOC_STRINGS = YES;
				SWIFT_VERSION = 5.0;
				TARGETED_DEVICE_FAMILY = "1,2";
			};
			name = Release;
		};
		C25852852C6F876300B0521C /* Debug */ = {
			isa = XCBuildConfiguration;
			buildSettings = {
				ALWAYS_EMBED_SWIFT_STANDARD_LIBRARIES = YES;
				BUNDLE_LOADER = "$(TEST_HOST)";
				CODE_SIGN_STYLE = Automatic;
				CURRENT_PROJECT_VERSION = 1;
				GENERATE_INFOPLIST_FILE = YES;
				IPHONEOS_DEPLOYMENT_TARGET = 15.5;
				MARKETING_VERSION = 1.0;
				PRODUCT_BUNDLE_IDENTIFIER = joao.JCanyonTests;
				PRODUCT_NAME = "$(TARGET_NAME)";
				SWIFT_EMIT_LOC_STRINGS = NO;
				SWIFT_VERSION = 5.0;
				TARGETED_DEVICE_FAMILY = "1,2";
				TEST_HOST = "$(BUILT_PRODUCTS_DIR)/JCanyon.app/JCanyon";
			};
			name = Debug;
		};
		C25852862C6F876300B0521C /* Release */ = {
			isa = XCBuildConfiguration;
			buildSettings = {
				ALWAYS_EMBED_SWIFT_STANDARD_LIBRARIES = YES;
				BUNDLE_LOADER = "$(TEST_HOST)";
				CODE_SIGN_STYLE = Automatic;
				CURRENT_PROJECT_VERSION = 1;
				GENERATE_INFOPLIST_FILE = YES;
				IPHONEOS_DEPLOYMENT_TARGET = 15.5;
				MARKETING_VERSION = 1.0;
				PRODUCT_BUNDLE_IDENTIFIER = joao.JCanyonTests;
				PRODUCT_NAME = "$(TARGET_NAME)";
				SWIFT_EMIT_LOC_STRINGS = NO;
				SWIFT_VERSION = 5.0;
				TARGETED_DEVICE_FAMILY = "1,2";
				TEST_HOST = "$(BUILT_PRODUCTS_DIR)/JCanyon.app/JCanyon";
			};
			name = Release;
		};
		C25852882C6F876300B0521C /* Debug */ = {
			isa = XCBuildConfiguration;
			buildSettings = {
				ALWAYS_EMBED_SWIFT_STANDARD_LIBRARIES = YES;
				CODE_SIGN_STYLE = Automatic;
				CURRENT_PROJECT_VERSION = 1;
				GENERATE_INFOPLIST_FILE = YES;
				MARKETING_VERSION = 1.0;
				PRODUCT_BUNDLE_IDENTIFIER = joao.JCanyonUITests;
				PRODUCT_NAME = "$(TARGET_NAME)";
				SWIFT_EMIT_LOC_STRINGS = NO;
				SWIFT_VERSION = 5.0;
				TARGETED_DEVICE_FAMILY = "1,2";
				TEST_TARGET_NAME = JCanyon;
			};
			name = Debug;
		};
		C25852892C6F876300B0521C /* Release */ = {
			isa = XCBuildConfiguration;
			buildSettings = {
				ALWAYS_EMBED_SWIFT_STANDARD_LIBRARIES = YES;
				CODE_SIGN_STYLE = Automatic;
				CURRENT_PROJECT_VERSION = 1;
				GENERATE_INFOPLIST_FILE = YES;
				MARKETING_VERSION = 1.0;
				PRODUCT_BUNDLE_IDENTIFIER = joao.JCanyonUITests;
				PRODUCT_NAME = "$(TARGET_NAME)";
				SWIFT_EMIT_LOC_STRINGS = NO;
				SWIFT_VERSION = 5.0;
				TARGETED_DEVICE_FAMILY = "1,2";
				TEST_TARGET_NAME = JCanyon;
			};
			name = Release;
		};
/* End XCBuildConfiguration section */

/* Begin XCConfigurationList section */
		C25852582C6F875D00B0521C /* Build configuration list for PBXProject "JCanyon" */ = {
			isa = XCConfigurationList;
			buildConfigurations = (
				C258527F2C6F876300B0521C /* Debug */,
				C25852802C6F876300B0521C /* Release */,
			);
			defaultConfigurationIsVisible = 0;
			defaultConfigurationName = Release;
		};
		C25852812C6F876300B0521C /* Build configuration list for PBXNativeTarget "JCanyon" */ = {
			isa = XCConfigurationList;
			buildConfigurations = (
				C25852822C6F876300B0521C /* Debug */,
				C25852832C6F876300B0521C /* Release */,
			);
			defaultConfigurationIsVisible = 0;
			defaultConfigurationName = Release;
		};
		C25852842C6F876300B0521C /* Build configuration list for PBXNativeTarget "JCanyonTests" */ = {
			isa = XCConfigurationList;
			buildConfigurations = (
				C25852852C6F876300B0521C /* Debug */,
				C25852862C6F876300B0521C /* Release */,
			);
			defaultConfigurationIsVisible = 0;
			defaultConfigurationName = Release;
		};
		C25852872C6F876300B0521C /* Build configuration list for PBXNativeTarget "JCanyonUITests" */ = {
			isa = XCConfigurationList;
			buildConfigurations = (
				C25852882C6F876300B0521C /* Debug */,
				C25852892C6F876300B0521C /* Release */,
			);
			defaultConfigurationIsVisible = 0;
			defaultConfigurationName = Release;
		};
/* End XCConfigurationList section */

/* Begin XCSwiftPackageProductDependency section */
		C2C863E72C73518B002B33FB /* JUI */ = {
			isa = XCSwiftPackageProductDependency;
			productName = JUI;
		};
		C2C863E92C73518F002B33FB /* JFoundation */ = {
			isa = XCSwiftPackageProductDependency;
			productName = JFoundation;
		};
/* End XCSwiftPackageProductDependency section */
	};
	rootObject = C25852552C6F875D00B0521C /* Project object */;
}
